{
  "requires": true,
  "lockfileVersion": 1,
  "dependencies": {
    "dotenv": {
      "version": "10.0.0",
      "resolved": "https://registry.npmjs.org/dotenv/-/dotenv-10.0.0.tgz",
      "integrity": "sha512-rlBi9d8jpv9Sf1klPjNfFAuWDjKLwTIJJ/VxtoTwIR6hnZxcEOQCZg2oIL3MWBYw5GpUDKOEnND7LXTbIpQ03Q=="
    },
    "react-native-dotenv": {
      "version": "3.2.0",
      "resolved": "https://registry.npmjs.org/react-native-dotenv/-/react-native-dotenv-3.2.0.tgz",
      "integrity": "sha512-/gHyvEVkgzLOI1DBes8g52vLV0cRWtxNDG/LgxRqQCeGvbzqJE7Z3tgcg5NsGOMDdr3tNYsm3yDE3GtMQi4sEg==",
      "requires": {
        "dotenv": "^10.0.0"
      }
    }
  }
}
